// !$*UTF8*$!
{
	archiveVersion = 1;
	classes = {
	};
	objectVersion = 50;
	objects = {

/* Begin PBXBuildFile section */
		ED0530B2254F4025004A4027 /* main.cpp in Sources */ = {isa = PBXBuildFile; fileRef = ED0530AE254F4024004A4027 /* main.cpp */; };
/* End PBXBuildFile section */

/* Begin PBXCopyFilesBuildPhase section */
		ED05309C254F3FEF004A4027 /* CopyFiles */ = {
			isa = PBXCopyFilesBuildPhase;
			buildActionMask = 2147483647;
			dstPath = /usr/share/man/man1/;
			dstSubfolderSpec = 0;
			files = (
			);
			runOnlyForDeploymentPostprocessing = 1;
		};
/* End PBXCopyFilesBuildPhase section */

/* Begin PBXFileReference section */
		ED05309E254F3FEF004A4027 /* A_La_Project_un */ = {isa = PBXFileReference; explicitFileType = "compiled.mach-o.executable"; includeInIndex = 0; path = A_La_Project_un; sourceTree = BUILT_PRODUCTS_DIR; };
		ED0530A9254F4024004A4027 /* main */ = {isa = PBXFileReference; lastKnownFileType = file; name = main; path = ../../main; sourceTree = "<group>"; };
		ED0530AA254F4024004A4027 /* functions.txt */ = {isa = PBXFileReference; fileEncoding = 4; lastKnownFileType = text; name = functions.txt; path = ../../functions.txt; sourceTree = "<group>"; };
		ED0530AB254F4024004A4027 /* GraphStoryOne.png */ = {isa = PBXFileReference; lastKnownFileType = image.png; name = GraphStoryOne.png; path = ../../GraphStoryOne.png; sourceTree = "<group>"; };
		ED0530AC254F4024004A4027 /* GraphStoryOne.sh */ = {isa = PBXFileReference; fileEncoding = 4; lastKnownFileType = text.script.sh; name = GraphStoryOne.sh; path = ../../GraphStoryOne.sh; sourceTree = "<group>"; };
		ED0530AD254F4024004A4027 /* header.h */ = {isa = PBXFileReference; fileEncoding = 4; lastKnownFileType = sourcecode.c.h; name = header.h; path = ../../header.h; sourceTree = "<group>"; };
		ED0530AE254F4024004A4027 /* main.cpp */ = {isa = PBXFileReference; fileEncoding = 4; lastKnownFileType = sourcecode.cpp.cpp; name = main.cpp; path = ../../main.cpp; sourceTree = "<group>"; };
		ED0530AF254F4024004A4027 /* InFileIncludes */ = {isa = PBXFileReference; lastKnownFileType = file; name = InFileIncludes; path = ../../InFileIncludes; sourceTree = "<group>"; };
		ED0530B0254F4025004A4027 /* Data.gv */ = {isa = PBXFileReference; fileEncoding = 4; lastKnownFileType = text; name = Data.gv; path = ../../Data.gv; sourceTree = "<group>"; };
		ED0530B1254F4025004A4027 /* InFileIncludes.h */ = {isa = PBXFileReference; fileEncoding = 4; lastKnownFileType = sourcecode.c.h; name = InFileIncludes.h; path = ../../InFileIncludes.h; sourceTree = "<group>"; };
/* End PBXFileReference section */

/* Begin PBXFrameworksBuildPhase section */
		ED05309B254F3FEF004A4027 /* Frameworks */ = {
			isa = PBXFrameworksBuildPhase;
			buildActionMask = 2147483647;
			files = (
			);
			runOnlyForDeploymentPostprocessing = 0;
		};
/* End PBXFrameworksBuildPhase section */

/* Begin PBXGroup section */
		ED053095254F3FEF004A4027 = {
			isa = PBXGroup;
			children = (
				ED0530A0254F3FEF004A4027 /* A_La_Project_un */,
				ED05309F254F3FEF004A4027 /* Products */,
			);
			sourceTree = "<group>";
		};
		ED05309F254F3FEF004A4027 /* Products */ = {
			isa = PBXGroup;
			children = (
				ED05309E254F3FEF004A4027 /* A_La_Project_un */,
			);
			name = Products;
			sourceTree = "<group>";
		};
		ED0530A0254F3FEF004A4027 /* A_La_Project_un */ = {
			isa = PBXGroup;
			children = (
				ED0530B0254F4025004A4027 /* Data.gv */,
				ED0530AA254F4024004A4027 /* functions.txt */,
				ED0530AB254F4024004A4027 /* GraphStoryOne.png */,
				ED0530AC254F4024004A4027 /* GraphStoryOne.sh */,
				ED0530AD254F4024004A4027 /* header.h */,
				ED0530AF254F4024004A4027 /* InFileIncludes */,
				ED0530B1254F4025004A4027 /* InFileIncludes.h */,
				ED0530A9254F4024004A4027 /* main */,
				ED0530AE254F4024004A4027 /* main.cpp */,
			);
			path = A_La_Project_un;
			sourceTree = "<group>";
		};
/* End PBXGroup section */

/* Begin PBXNativeTarget section */
		ED05309D254F3FEF004A4027 /* A_La_Project_un */ = {
			isa = PBXNativeTarget;
			buildConfigurationList = ED0530A5254F3FEF004A4027 /* Build configuration list for PBXNativeTarget "A_La_Project_un" */;
			buildPhases = (
				ED05309A254F3FEF004A4027 /* Sources */,
				ED05309B254F3FEF004A4027 /* Frameworks */,
				ED05309C254F3FEF004A4027 /* CopyFiles */,
			);
			buildRules = (
			);
			dependencies = (
			);
			name = A_La_Project_un;
			productName = A_La_Project_un;
			productReference = ED05309E254F3FEF004A4027 /* A_La_Project_un */;
			productType = "com.apple.product-type.tool";
		};
/* End PBXNativeTarget section */

/* Begin PBXProject section */
		ED053096254F3FEF004A4027 /* Project object */ = {
			isa = PBXProject;
			attributes = {
				LastUpgradeCheck = 1210;
				TargetAttributes = {
					ED05309D254F3FEF004A4027 = {
						CreatedOnToolsVersion = 12.1;
					};
				};
			};
			buildConfigurationList = ED053099254F3FEF004A4027 /* Build configuration list for PBXProject "A_La_Project_un" */;
			compatibilityVersion = "Xcode 9.3";
			developmentRegion = en;
			hasScannedForEncodings = 0;
			knownRegions = (
				en,
				Base,
			);
			mainGroup = ED053095254F3FEF004A4027;
			productRefGroup = ED05309F254F3FEF004A4027 /* Products */;
			projectDirPath = "";
			projectRoot = "";
			targets = (
				ED05309D254F3FEF004A4027 /* A_La_Project_un */,
			);
		};
/* End PBXProject section */

/* Begin PBXSourcesBuildPhase section */
		ED05309A254F3FEF004A4027 /* Sources */ = {
			isa = PBXSourcesBuildPhase;
			buildActionMask = 2147483647;
			files = (
				ED0530B2254F4025004A4027 /* main.cpp in Sources */,
			);
			runOnlyForDeploymentPostprocessing = 0;
		};
/* End PBXSourcesBuildPhase section */

/* Begin XCBuildConfiguration section */
		ED0530A3254F3FEF004A4027 /* Debug */ = {
			isa = XCBuildConfiguration;
			buildSettings = {
				ALWAYS_SEARCH_USER_PATHS = NO;
				CLANG_ANALYZER_NONNULL = YES;
				CLANG_ANALYZER_NUMBER_OBJECT_CONVERSION = YES_AGGRESSIVE;
				CLANG_CXX_LANGUAGE_STANDARD = "gnu++14";
				CLANG_CXX_LIBRARY = "libc++";
				CLANG_ENABLE_MODULES = YES;
				CLANG_ENABLE_OBJC_ARC = YES;
				CLANG_ENABLE_OBJC_WEAK = YES;
				CLANG_WARN_BLOCK_CAPTURE_AUTORELEASING = YES;
				CLANG_WARN_BOOL_CONVERSION = YES;
				CLANG_WARN_COMMA = YES;
				CLANG_WARN_CONSTANT_CONVERSION = YES;
				CLANG_WARN_DEPRECATED_OBJC_IMPLEMENTATIONS = YES;
				CLANG_WARN_DIRECT_OBJC_ISA_USAGE = YES_ERROR;
				CLANG_WARN_DOCUMENTATION_COMMENTS = YES;
				CLANG_WARN_EMPTY_BODY = YES;
				CLANG_WARN_ENUM_CONVERSION = YES;
				CLANG_WARN_INFINITE_RECURSION = YES;
				CLANG_WARN_INT_CONVERSION = YES;
				CLANG_WARN_NON_LITERAL_NULL_CONVERSION = YES;
				CLANG_WARN_OBJC_IMPLICIT_RETAIN_SELF = YES;
				CLANG_WARN_OBJC_LITERAL_CONVERSION = YES;
				CLANG_WARN_OBJC_ROOT_CLASS = YES_ERROR;
				CLANG_WARN_QUOTED_INCLUDE_IN_FRAMEWORK_HEADER = YES;
				CLANG_WARN_RANGE_LOOP_ANALYSIS = YES;
				CLANG_WARN_STRICT_PROTOTYPES = YES;
				CLANG_WARN_SUSPICIOUS_MOVE = YES;
				CLANG_WARN_UNGUARDED_AVAILABILITY = YES_AGGRESSIVE;
				CLANG_WARN_UNREACHABLE_CODE = YES;
				CLANG_WARN__DUPLICATE_METHOD_MATCH = YES;
				COPY_PHASE_STRIP = NO;
				DEBUG_INFORMATION_FORMAT = dwarf;
				ENABLE_STRICT_OBJC_MSGSEND = YES;
				ENABLE_TESTABILITY = YES;
				GCC_C_LANGUAGE_STANDARD = gnu11;
				GCC_DYNAMIC_NO_PIC = NO;
				GCC_NO_COMMON_BLOCKS = YES;
				GCC_OPTIMIZATION_LEVEL = 0;
				GCC_PREPROCESSOR_DEFINITIONS = (
					"DEBUG=1",
					"$(inherited)",
				);
				GCC_WARN_64_TO_32_BIT_CONVERSION = YES;
				GCC_WARN_ABOUT_RETURN_TYPE = YES_ERROR;
				GCC_WARN_UNDECLARED_SELECTOR = YES;
				GCC_WARN_UNINITIALIZED_AUTOS = YES_AGGRESSIVE;
				GCC_WARN_UNUSED_FUNCTION = YES;
				GCC_WARN_UNUSED_VARIABLE = YES;
				MACOSX_DEPLOYMENT_TARGET = 10.15;
				MTL_ENABLE_DEBUG_INFO = INCLUDE_SOURCE;
				MTL_FAST_MATH = YES;
				ONLY_ACTIVE_ARCH = YES;
				SDKROOT = macosx;
			};
			name = Debug;
		};
		ED0530A4254F3FEF004A4027 /* Release */ = {
			isa = XCBuildConfiguration;
			buildSettings = {
				ALWAYS_SEARCH_USER_PATHS = NO;
				CLANG_ANALYZER_NONNULL = YES;
				CLANG_ANALYZER_NUMBER_OBJECT_CONVERSION = YES_AGGRESSIVE;
				CLANG_CXX_LANGUAGE_STANDARD = "gnu++14";
				CLANG_CXX_LIBRARY = "libc++";
				CLANG_ENABLE_MODULES = YES;
				CLANG_ENABLE_OBJC_ARC = YES;
				CLANG_ENABLE_OBJC_WEAK = YES;
				CLANG_WARN_BLOCK_CAPTURE_AUTORELEASING = YES;
				CLANG_WARN_BOOL_CONVERSION = YES;
				CLANG_WARN_COMMA = YES;
				CLANG_WARN_CONSTANT_CONVERSION = YES;
				CLANG_WARN_DEPRECATED_OBJC_IMPLEMENTATIONS = YES;
				CLANG_WARN_DIRECT_OBJC_ISA_USAGE = YES_ERROR;
				CLANG_WARN_DOCUMENTATION_COMMENTS = YES;
				CLANG_WARN_EMPTY_BODY = YES;
				CLANG_WARN_ENUM_CONVERSION = YES;
				CLANG_WARN_INFINITE_RECURSION = YES;
				CLANG_WARN_INT_CONVERSION = YES;
				CLANG_WARN_NON_LITERAL_NULL_CONVERSION = YES;
				CLANG_WARN_OBJC_IMPLICIT_RETAIN_SELF = YES;
				CLANG_WARN_OBJC_LITERAL_CONVERSION = YES;
				CLANG_WARN_OBJC_ROOT_CLASS = YES_ERROR;
				CLANG_WARN_QUOTED_INCLUDE_IN_FRAMEWORK_HEADER = YES;
				CLANG_WARN_RANGE_LOOP_ANALYSIS = YES;
				CLANG_WARN_STRICT_PROTOTYPES = YES;
				CLANG_WARN_SUSPICIOUS_MOVE = YES;
				CLANG_WARN_UNGUARDED_AVAILABILITY = YES_AGGRESSIVE;
				CLANG_WARN_UNREACHABLE_CODE = YES;
				CLANG_WARN__DUPLICATE_METHOD_MATCH = YES;
				COPY_PHASE_STRIP = NO;
				DEBUG_INFORMATION_FORMAT = "dwarf-with-dsym";
				ENABLE_NS_ASSERTIONS = NO;
				ENABLE_STRICT_OBJC_MSGSEND = YES;
				GCC_C_LANGUAGE_STANDARD = gnu11;
				GCC_NO_COMMON_BLOCKS = YES;
				GCC_WARN_64_TO_32_BIT_CONVERSION = YES;
				GCC_WARN_ABOUT_RETURN_TYPE = YES_ERROR;
				GCC_WARN_UNDECLARED_SELECTOR = YES;
				GCC_WARN_UNINITIALIZED_AUTOS = YES_AGGRESSIVE;
				GCC_WARN_UNUSED_FUNCTION = YES;
				GCC_WARN_UNUSED_VARIABLE = YES;
				MACOSX_DEPLOYMENT_TARGET = 10.15;
				MTL_ENABLE_DEBUG_INFO = NO;
				MTL_FAST_MATH = YES;
				SDKROOT = macosx;
			};
			name = Release;
		};
		ED0530A6254F3FEF004A4027 /* Debug */ = {
			isa = XCBuildConfiguration;
			buildSettings = {
				CODE_SIGN_STYLE = Automatic;
				PRODUCT_NAME = "$(TARGET_NAME)";
			};
			name = Debug;
		};
		ED0530A7254F3FEF004A4027 /* Release */ = {
			isa = XCBuildConfiguration;
			buildSettings = {
				CODE_SIGN_STYLE = Automatic;
				PRODUCT_NAME = "$(TARGET_NAME)";
			};
			name = Release;
		};
/* End XCBuildConfiguration section */

/* Begin XCConfigurationList section */
		ED053099254F3FEF004A4027 /* Build configuration list for PBXProject "A_La_Project_un" */ = {
			isa = XCConfigurationList;
			buildConfigurations = (
				ED0530A3254F3FEF004A4027 /* Debug */,
				ED0530A4254F3FEF004A4027 /* Release */,
			);
			defaultConfigurationIsVisible = 0;
			defaultConfigurationName = Release;
		};
		ED0530A5254F3FEF004A4027 /* Build configuration list for PBXNativeTarget "A_La_Project_un" */ = {
			isa = XCConfigurationList;
			buildConfigurations = (
				ED0530A6254F3FEF004A4027 /* Debug */,
				ED0530A7254F3FEF004A4027 /* Release */,
			);
			defaultConfigurationIsVisible = 0;
			defaultConfigurationName = Release;
		};
/* End XCConfigurationList section */
	};
	rootObject = ED053096254F3FEF004A4027 /* Project object */;
}
